
Microsoft Visual Studio Solution File, Format Version 12.00
# Visual Studio 15
VisualStudioVersion = 15.0.28307.421
MinimumVisualStudioVersion = 10.0.40219.1
Project("{9A19103F-16F7-4668-BE54-9A1E7A4F7556}") = "SecretSanta.Web", "SecretSanta.Web\SecretSanta.Web.csproj", "{6670B6CB-2AD3-44B9-994C-9B0BE4558CC1}"
EndProject
Project("{FAE04EC0-301F-11D3-BF4B-00C04F79EFBC}") = "SecretSanta.Web.Tests", "SecretSanta.Web.Tests\SecretSanta.Web.Tests.csproj", "{CADB2063-3455-48F6-B43C-99637F565377}"
EndProject
Global
	GlobalSection(SolutionConfigurationPlatforms) = preSolution
		Debug|Any CPU = Debug|Any CPU
		Release|Any CPU = Release|Any CPU
	EndGlobalSection
	GlobalSection(ProjectConfigurationPlatforms) = postSolution
		{6670B6CB-2AD3-44B9-994C-9B0BE4558CC1}.Debug|Any CPU.ActiveCfg = Debug|Any CPU
		{6670B6CB-2AD3-44B9-994C-9B0BE4558CC1}.Debug|Any CPU.Build.0 = Debug|Any CPU
		{6670B6CB-2AD3-44B9-994C-9B0BE4558CC1}.Release|Any CPU.ActiveCfg = Release|Any CPU
		{6670B6CB-2AD3-44B9-994C-9B0BE4558CC1}.Release|Any CPU.Build.0 = Release|Any CPU
		{CADB2063-3455-48F6-B43C-99637F565377}.Debug|Any CPU.ActiveCfg = Debug|Any CPU
		{CADB2063-3455-48F6-B43C-99637F565377}.Debug|Any CPU.Build.0 = Debug|Any CPU
		{CADB2063-3455-48F6-B43C-99637F565377}.Release|Any CPU.ActiveCfg = Release|Any CPU
		{CADB2063-3455-48F6-B43C-99637F565377}.Release|Any CPU.Build.0 = Release|Any CPU
	EndGlobalSection
	GlobalSection(SolutionProperties) = preSolution
		HideSolutionNode = FALSE
	EndGlobalSection
	GlobalSection(ExtensibilityGlobals) = postSolution
		SolutionGuid = {4396C24E-778B-4B29-B5B9-1AAD674BE3C9}
	EndGlobalSection
EndGlobal
